
Microsoft Visual Studio Solution File, Format Version 12.00
# Visual Studio Version 16
VisualStudioVersion = 16.0.29519.87
MinimumVisualStudioVersion = 10.0.40219.1
Project("{FAE04EC0-301F-11D3-BF4B-00C04F79EFBC}") = "Volunteers", "Volunteers.csproj", "{4333DB15-64A7-4389-86DB-68929113270A}"
EndProject
Global
	GlobalSection(SolutionConfigurationPlatforms) = preSolution
		Debug|Any CPU = Debug|Any CPU
		Release|Any CPU = Release|Any CPU
	EndGlobalSection
	GlobalSection(ProjectConfigurationPlatforms) = postSolution
		{4333DB15-64A7-4389-86DB-68929113270A}.Debug|Any CPU.ActiveCfg = Debug|Any CPU
		{4333DB15-64A7-4389-86DB-68929113270A}.Debug|Any CPU.Build.0 = Debug|Any CPU
		{4333DB15-64A7-4389-86DB-68929113270A}.Release|Any CPU.ActiveCfg = Release|Any CPU
		{4333DB15-64A7-4389-86DB-68929113270A}.Release|Any CPU.Build.0 = Release|Any CPU
	EndGlobalSection
	GlobalSection(SolutionProperties) = preSolution
		HideSolutionNode = FALSE
	EndGlobalSection
	GlobalSection(ExtensibilityGlobals) = postSolution
		SolutionGuid = {9E24599B-8668-48C8-AD9B-F30FE162F8C4}
	EndGlobalSection
EndGlobal
